
Microsoft Visual Studio Solution File, Format Version 12.00
# Visual Studio Version 17
VisualStudioVersion = 17.2.32526.322
MinimumVisualStudioVersion = 10.0.40219.1
Project("{8BC9CEB8-8B4A-11D0-8D11-00A0C91BC942}") = "homework_7_11", "homework_7_11\homework_7_11.vcxproj", "{8FFB2D7A-1623-471B-9937-506359E18E33}"
EndProject
Global
	GlobalSection(SolutionConfigurationPlatforms) = preSolution
		Debug|x64 = Debug|x64
		Debug|x86 = Debug|x86
		Release|x64 = Release|x64
		Release|x86 = Release|x86
	EndGlobalSection
	GlobalSection(ProjectConfigurationPlatforms) = postSolution
		{8FFB2D7A-1623-471B-9937-506359E18E33}.Debug|x64.ActiveCfg = Debug|x64
		{8FFB2D7A-1623-471B-9937-506359E18E33}.Debug|x64.Build.0 = Debug|x64
		{8FFB2D7A-1623-471B-9937-506359E18E33}.Debug|x86.ActiveCfg = Debug|Win32
		{8FFB2D7A-1623-471B-9937-506359E18E33}.Debug|x86.Build.0 = Debug|Win32
		{8FFB2D7A-1623-471B-9937-506359E18E33}.Release|x64.ActiveCfg = Release|x64
		{8FFB2D7A-1623-471B-9937-506359E18E33}.Release|x64.Build.0 = Release|x64
		{8FFB2D7A-1623-471B-9937-506359E18E33}.Release|x86.ActiveCfg = Release|Win32
		{8FFB2D7A-1623-471B-9937-506359E18E33}.Release|x86.Build.0 = Release|Win32
	EndGlobalSection
	GlobalSection(SolutionProperties) = preSolution
		HideSolutionNode = FALSE
	EndGlobalSection
	GlobalSection(ExtensibilityGlobals) = postSolution
		SolutionGuid = {973DE25B-D3AF-421F-AE85-5545F5FED3D4}
	EndGlobalSection
EndGlobal
